
Microsoft Visual Studio Solution File, Format Version 12.00
# Visual Studio Version 17
VisualStudioVersion = 17.0.32112.339
MinimumVisualStudioVersion = 10.0.40219.1
Project("{FAE04EC0-301F-11D3-BF4B-00C04F79EFBC}") = "Lab3Wpfapp", "Lab3Wpfapp\Lab3Wpfapp.csproj", "{1CA2EABC-3D36-45E7-9551-18EA958F14D0}"
EndProject
Global
	GlobalSection(SolutionConfigurationPlatforms) = preSolution
		Debug|Any CPU = Debug|Any CPU
		Release|Any CPU = Release|Any CPU
	EndGlobalSection
	GlobalSection(ProjectConfigurationPlatforms) = postSolution
		{1CA2EABC-3D36-45E7-9551-18EA958F14D0}.Debug|Any CPU.ActiveCfg = Debug|Any CPU
		{1CA2EABC-3D36-45E7-9551-18EA958F14D0}.Debug|Any CPU.Build.0 = Debug|Any CPU
		{1CA2EABC-3D36-45E7-9551-18EA958F14D0}.Release|Any CPU.ActiveCfg = Release|Any CPU
		{1CA2EABC-3D36-45E7-9551-18EA958F14D0}.Release|Any CPU.Build.0 = Release|Any CPU
	EndGlobalSection
	GlobalSection(SolutionProperties) = preSolution
		HideSolutionNode = FALSE
	EndGlobalSection
	GlobalSection(ExtensibilityGlobals) = postSolution
		SolutionGuid = {129612B6-1127-41A1-97C2-8171F7126826}
	EndGlobalSection
EndGlobal
